
Microsoft Visual Studio Solution File, Format Version 12.00
# Visual Studio 14
VisualStudioVersion = 14.0.25420.1
MinimumVisualStudioVersion = 10.0.40219.1
Project("{2150E333-8FDC-42A3-9474-1A3956D46DE8}") = "AS4", "AS4", "{93EBAB8E-1C0C-4471-82D3-F07E74F605A6}"
EndProject
Project("{FAE04EC0-301F-11D3-BF4B-00C04F79EFBC}") = "Eu.EDelivery.AS4.ServiceHandler", "Eu.EDelivery.AS4.ServiceHandler\Eu.EDelivery.AS4.ServiceHandler.csproj", "{83D47064-14B4-4E42-8E10-ABE1EDA41920}"
	ProjectSection(ProjectDependencies) = postProject
		{B0BE265A-8190-415C-8E46-2B85FE6BDBE7} = {B0BE265A-8190-415C-8E46-2B85FE6BDBE7}
		{51C92C72-60F5-4DCE-B129-045640CA6D96} = {51C92C72-60F5-4DCE-B129-045640CA6D96}
	EndProjectSection
EndProject
Project("{FAE04EC0-301F-11D3-BF4B-00C04F79EFBC}") = "Eu.EDelivery.AS4.ServiceHandler.ConsoleHost", "Eu.EDelivery.AS4.ServiceHandler.ConsoleHost\Eu.EDelivery.AS4.ServiceHandler.ConsoleHost.csproj", "{40E359EE-B4B8-4A4A-B8FE-DB2240DF097E}"
EndProject
Project("{FAE04EC0-301F-11D3-BF4B-00C04F79EFBC}") = "Eu.EDelivery.AS4.ServiceHandler.UnitTests", "Eu.EDelivery.AS4.ServiceHandler.UnitTests\Eu.EDelivery.AS4.ServiceHandler.UnitTests.csproj", "{675E36A5-FAB5-4C74-AA3B-332117DFECEE}"
EndProject
Project("{FAE04EC0-301F-11D3-BF4B-00C04F79EFBC}") = "Eu.EDelivery.AS4", "..\AS4\Eu.EDelivery.AS4\Eu.EDelivery.AS4.csproj", "{8B0BA38F-C3F7-46C1-9E68-A7291C7B16B1}"
EndProject
Project("{2150E333-8FDC-42A3-9474-1A3956D46DE8}") = "Tests", "Tests", "{B7CE89EC-46E6-4131-A156-421DF4A98CD6}"
	ProjectSection(SolutionItems) = preProject
		codecoverage.runsettings = codecoverage.runsettings
	EndProjectSection
EndProject
Project("{FAE04EC0-301F-11D3-BF4B-00C04F79EFBC}") = "Eu.EDelivery.AS4.UnitTests", "..\AS4\Eu.EDelivery.AS4.UnitTests\Eu.EDelivery.AS4.UnitTests.csproj", "{8E13829C-19D7-498D-9383-EF52A92FC2C9}"
EndProject
Project("{2150E333-8FDC-42A3-9474-1A3956D46DE8}") = "Steps", "Steps", "{8B6A2155-AD7A-4D12-B07A-6B06171E2688}"
EndProject
Project("{2150E333-8FDC-42A3-9474-1A3956D46DE8}") = "Receivers", "Receivers", "{30021F36-EFD1-4AD0-88D1-E7DCC2EB48DD}"
EndProject
Project("{FAE04EC0-301F-11D3-BF4B-00C04F79EFBC}") = "Eu.EDelivery.AS4.Steps", "..\Steps\Eu.EDelivery.AS4.Steps\Eu.EDelivery.AS4.Steps.csproj", "{9208D4FA-018E-4DB4-A60D-EE475F5EC421}"
EndProject
Project("{FAE04EC0-301F-11D3-BF4B-00C04F79EFBC}") = "Eu.EDelivery.AS4.Receivers", "..\Receivers\Eu.EDelivery.AS4.Receivers\Eu.EDelivery.AS4.Receivers.csproj", "{B0BE265A-8190-415C-8E46-2B85FE6BDBE7}"
EndProject
Project("{FAE04EC0-301F-11D3-BF4B-00C04F79EFBC}") = "Eu.EDelivery.AS4.IntegrationTests", "Eu.EDelivery.AS4.IntegrationTests\Eu.EDelivery.AS4.IntegrationTests.csproj", "{F82AAC30-6DDC-442C-849D-5DDD0478893B}"
EndProject
Project("{2150E333-8FDC-42A3-9474-1A3956D46DE8}") = "Transformers", "Transformers", "{6C17BD44-465B-4BA3-B10E-B69BA03F921A}"
EndProject
Project("{FAE04EC0-301F-11D3-BF4B-00C04F79EFBC}") = "Eu.EDelivery.AS4.Transformers", "..\Transformers\Eu.EDelivery.AS4.Transformers\Eu.EDelivery.AS4.Transformers.csproj", "{51C92C72-60F5-4DCE-B129-045640CA6D96}"
EndProject
Project("{2150E333-8FDC-42A3-9474-1A3956D46DE8}") = "FE", "FE", "{E4E4A701-F3F4-4200-A700-7D667CD9B7DB}"
EndProject
Project("{8BB2217D-0F2D-49D1-97BC-3654ED321F3B}") = "Eu.EDelivery.AS4.Fe", "Eu.EDelivery.AS4.Fe\Eu.EDelivery.AS4.Fe.xproj", "{388BAF8B-C40F-409F-8B89-49685F8C0F51}"
EndProject
Project("{8BB2217D-0F2D-49D1-97BC-3654ED321F3B}") = "Eu.EDelivery.AS4.Fe.Tests", "Eu.EDelivery.AS4.Fe.Tests\Eu.EDelivery.AS4.Fe.Tests.xproj", "{EE39118D-EC08-4CAE-A06D-D2BE9E916623}"
EndProject
Global
	GlobalSection(SolutionConfigurationPlatforms) = preSolution
		Debug|Any CPU = Debug|Any CPU
		Release|Any CPU = Release|Any CPU
	EndGlobalSection
	GlobalSection(ProjectConfigurationPlatforms) = postSolution
		{83D47064-14B4-4E42-8E10-ABE1EDA41920}.Debug|Any CPU.ActiveCfg = Debug|Any CPU
		{83D47064-14B4-4E42-8E10-ABE1EDA41920}.Debug|Any CPU.Build.0 = Debug|Any CPU
		{83D47064-14B4-4E42-8E10-ABE1EDA41920}.Release|Any CPU.ActiveCfg = Release|Any CPU
		{83D47064-14B4-4E42-8E10-ABE1EDA41920}.Release|Any CPU.Build.0 = Release|Any CPU
		{40E359EE-B4B8-4A4A-B8FE-DB2240DF097E}.Debug|Any CPU.ActiveCfg = Debug|Any CPU
		{40E359EE-B4B8-4A4A-B8FE-DB2240DF097E}.Debug|Any CPU.Build.0 = Debug|Any CPU
		{40E359EE-B4B8-4A4A-B8FE-DB2240DF097E}.Release|Any CPU.ActiveCfg = Release|Any CPU
		{40E359EE-B4B8-4A4A-B8FE-DB2240DF097E}.Release|Any CPU.Build.0 = Release|Any CPU
		{675E36A5-FAB5-4C74-AA3B-332117DFECEE}.Debug|Any CPU.ActiveCfg = Debug|Any CPU
		{675E36A5-FAB5-4C74-AA3B-332117DFECEE}.Debug|Any CPU.Build.0 = Debug|Any CPU
		{675E36A5-FAB5-4C74-AA3B-332117DFECEE}.Release|Any CPU.ActiveCfg = Release|Any CPU
		{675E36A5-FAB5-4C74-AA3B-332117DFECEE}.Release|Any CPU.Build.0 = Release|Any CPU
		{8B0BA38F-C3F7-46C1-9E68-A7291C7B16B1}.Debug|Any CPU.ActiveCfg = Debug|Any CPU
		{8B0BA38F-C3F7-46C1-9E68-A7291C7B16B1}.Debug|Any CPU.Build.0 = Debug|Any CPU
		{8B0BA38F-C3F7-46C1-9E68-A7291C7B16B1}.Release|Any CPU.ActiveCfg = Release|Any CPU
		{8B0BA38F-C3F7-46C1-9E68-A7291C7B16B1}.Release|Any CPU.Build.0 = Release|Any CPU
		{8E13829C-19D7-498D-9383-EF52A92FC2C9}.Debug|Any CPU.ActiveCfg = Debug|Any CPU
		{8E13829C-19D7-498D-9383-EF52A92FC2C9}.Debug|Any CPU.Build.0 = Debug|Any CPU
		{8E13829C-19D7-498D-9383-EF52A92FC2C9}.Release|Any CPU.ActiveCfg = Release|Any CPU
		{8E13829C-19D7-498D-9383-EF52A92FC2C9}.Release|Any CPU.Build.0 = Release|Any CPU
		{9208D4FA-018E-4DB4-A60D-EE475F5EC421}.Debug|Any CPU.ActiveCfg = Debug|Any CPU
		{9208D4FA-018E-4DB4-A60D-EE475F5EC421}.Debug|Any CPU.Build.0 = Debug|Any CPU
		{9208D4FA-018E-4DB4-A60D-EE475F5EC421}.Release|Any CPU.ActiveCfg = Release|Any CPU
		{9208D4FA-018E-4DB4-A60D-EE475F5EC421}.Release|Any CPU.Build.0 = Release|Any CPU
		{B0BE265A-8190-415C-8E46-2B85FE6BDBE7}.Debug|Any CPU.ActiveCfg = Debug|Any CPU
		{B0BE265A-8190-415C-8E46-2B85FE6BDBE7}.Debug|Any CPU.Build.0 = Debug|Any CPU
		{B0BE265A-8190-415C-8E46-2B85FE6BDBE7}.Release|Any CPU.ActiveCfg = Release|Any CPU
		{B0BE265A-8190-415C-8E46-2B85FE6BDBE7}.Release|Any CPU.Build.0 = Release|Any CPU
		{F82AAC30-6DDC-442C-849D-5DDD0478893B}.Debug|Any CPU.ActiveCfg = Debug|Any CPU
		{F82AAC30-6DDC-442C-849D-5DDD0478893B}.Debug|Any CPU.Build.0 = Debug|Any CPU
		{F82AAC30-6DDC-442C-849D-5DDD0478893B}.Release|Any CPU.ActiveCfg = Release|Any CPU
		{F82AAC30-6DDC-442C-849D-5DDD0478893B}.Release|Any CPU.Build.0 = Release|Any CPU
		{51C92C72-60F5-4DCE-B129-045640CA6D96}.Debug|Any CPU.ActiveCfg = Debug|Any CPU
		{51C92C72-60F5-4DCE-B129-045640CA6D96}.Debug|Any CPU.Build.0 = Debug|Any CPU
		{51C92C72-60F5-4DCE-B129-045640CA6D96}.Release|Any CPU.ActiveCfg = Release|Any CPU
		{51C92C72-60F5-4DCE-B129-045640CA6D96}.Release|Any CPU.Build.0 = Release|Any CPU
		{388BAF8B-C40F-409F-8B89-49685F8C0F51}.Debug|Any CPU.ActiveCfg = Debug|Any CPU
		{388BAF8B-C40F-409F-8B89-49685F8C0F51}.Debug|Any CPU.Build.0 = Debug|Any CPU
		{388BAF8B-C40F-409F-8B89-49685F8C0F51}.Release|Any CPU.ActiveCfg = Release|Any CPU
		{388BAF8B-C40F-409F-8B89-49685F8C0F51}.Release|Any CPU.Build.0 = Release|Any CPU
		{EE39118D-EC08-4CAE-A06D-D2BE9E916623}.Debug|Any CPU.ActiveCfg = Debug|Any CPU
		{EE39118D-EC08-4CAE-A06D-D2BE9E916623}.Debug|Any CPU.Build.0 = Debug|Any CPU
		{EE39118D-EC08-4CAE-A06D-D2BE9E916623}.Release|Any CPU.ActiveCfg = Release|Any CPU
		{EE39118D-EC08-4CAE-A06D-D2BE9E916623}.Release|Any CPU.Build.0 = Release|Any CPU
	EndGlobalSection
	GlobalSection(SolutionProperties) = preSolution
		HideSolutionNode = FALSE
	EndGlobalSection
	GlobalSection(NestedProjects) = preSolution
		{675E36A5-FAB5-4C74-AA3B-332117DFECEE} = {B7CE89EC-46E6-4131-A156-421DF4A98CD6}
		{8B0BA38F-C3F7-46C1-9E68-A7291C7B16B1} = {93EBAB8E-1C0C-4471-82D3-F07E74F605A6}
		{8E13829C-19D7-498D-9383-EF52A92FC2C9} = {B7CE89EC-46E6-4131-A156-421DF4A98CD6}
		{9208D4FA-018E-4DB4-A60D-EE475F5EC421} = {8B6A2155-AD7A-4D12-B07A-6B06171E2688}
		{B0BE265A-8190-415C-8E46-2B85FE6BDBE7} = {30021F36-EFD1-4AD0-88D1-E7DCC2EB48DD}
		{F82AAC30-6DDC-442C-849D-5DDD0478893B} = {B7CE89EC-46E6-4131-A156-421DF4A98CD6}
		{51C92C72-60F5-4DCE-B129-045640CA6D96} = {6C17BD44-465B-4BA3-B10E-B69BA03F921A}
		{388BAF8B-C40F-409F-8B89-49685F8C0F51} = {E4E4A701-F3F4-4200-A700-7D667CD9B7DB}
		{EE39118D-EC08-4CAE-A06D-D2BE9E916623} = {E4E4A701-F3F4-4200-A700-7D667CD9B7DB}
	EndGlobalSection
EndGlobal
