
Microsoft Visual Studio Solution File, Format Version 12.00
# Visual Studio 14
VisualStudioVersion = 14.0.25123.0
MinimumVisualStudioVersion = 10.0.40219.1
Project("{2150E333-8FDC-42A3-9474-1A3956D46DE8}") = "Tests", "Tests", "{59B8BDE1-6E95-43FB-A5B3-8EFE1F3A7899}"
EndProject
Project("{FAE04EC0-301F-11D3-BF4B-00C04F79EFBC}") = "Eu.EDelivery.AS4", "Eu.EDelivery.AS4\Eu.EDelivery.AS4.csproj", "{8B0BA38F-C3F7-46C1-9E68-A7291C7B16B1}"
EndProject
Project("{FAE04EC0-301F-11D3-BF4B-00C04F79EFBC}") = "Eu.EDelivery.AS4.UnitTests", "Eu.EDelivery.AS4.UnitTests\Eu.EDelivery.AS4.UnitTests.csproj", "{8E13829C-19D7-498D-9383-EF52A92FC2C9}"
EndProject
Global
	GlobalSection(SolutionConfigurationPlatforms) = preSolution
		Debug|Any CPU = Debug|Any CPU
		Release|Any CPU = Release|Any CPU
	EndGlobalSection
	GlobalSection(ProjectConfigurationPlatforms) = postSolution
		{8B0BA38F-C3F7-46C1-9E68-A7291C7B16B1}.Debug|Any CPU.ActiveCfg = Debug|Any CPU
		{8B0BA38F-C3F7-46C1-9E68-A7291C7B16B1}.Debug|Any CPU.Build.0 = Debug|Any CPU
		{8B0BA38F-C3F7-46C1-9E68-A7291C7B16B1}.Release|Any CPU.ActiveCfg = Release|Any CPU
		{8B0BA38F-C3F7-46C1-9E68-A7291C7B16B1}.Release|Any CPU.Build.0 = Release|Any CPU
		{8E13829C-19D7-498D-9383-EF52A92FC2C9}.Debug|Any CPU.ActiveCfg = Debug|Any CPU
		{8E13829C-19D7-498D-9383-EF52A92FC2C9}.Debug|Any CPU.Build.0 = Debug|Any CPU
		{8E13829C-19D7-498D-9383-EF52A92FC2C9}.Release|Any CPU.ActiveCfg = Release|Any CPU
		{8E13829C-19D7-498D-9383-EF52A92FC2C9}.Release|Any CPU.Build.0 = Release|Any CPU
	EndGlobalSection
	GlobalSection(SolutionProperties) = preSolution
		HideSolutionNode = FALSE
	EndGlobalSection
	GlobalSection(NestedProjects) = preSolution
		{8E13829C-19D7-498D-9383-EF52A92FC2C9} = {59B8BDE1-6E95-43FB-A5B3-8EFE1F3A7899}
	EndGlobalSection
	GlobalSection(TeamFoundationVersionControl) = preSolution
		SccNumberOfProjects = 3
		SccEnterpriseProvider = {4CA58AB2-18FA-4F8D-95D4-32DDF27D184C}
		SccTeamFoundationServer = https://codit.visualstudio.com/
		SccLocalPath0 = .
		SccProjectUniqueName1 = Eu.EDelivery.AS4\\Eu.EDelivery.AS4.csproj
		SccProjectName1 = Eu.EDelivery.AS4
		SccLocalPath1 = Eu.EDelivery.AS4
		SccProjectUniqueName2 = Eu.EDelivery.AS4.UnitTests\\Eu.EDelivery.AS4.UnitTests.csproj
		SccProjectTopLevelParentUniqueName2 = AS4.sln
		SccProjectName2 = Eu.EDelivery.AS4.UnitTests
		SccLocalPath2 = Eu.EDelivery.AS4.UnitTests
	EndGlobalSection
EndGlobal
