
Microsoft Visual Studio Solution File, Format Version 12.00
# Visual Studio 15
VisualStudioVersion = 15.0.26730.8
MinimumVisualStudioVersion = 10.0.40219.1
Project("{FAE04EC0-301F-11D3-BF4B-00C04F79EFBC}") = "Eu.EDelivery.AS4", "AS4\Eu.EDelivery.AS4\Eu.EDelivery.AS4.csproj", "{8B0BA38F-C3F7-46C1-9E68-A7291C7B16B1}"
EndProject
Project("{FAE04EC0-301F-11D3-BF4B-00C04F79EFBC}") = "Eu.EDelivery.AS4.Receivers", "Receivers\Eu.EDelivery.AS4.Receivers\Eu.EDelivery.AS4.Receivers.csproj", "{B0BE265A-8190-415C-8E46-2B85FE6BDBE7}"
EndProject
Project("{FAE04EC0-301F-11D3-BF4B-00C04F79EFBC}") = "Eu.EDelivery.AS4.ServiceHandler", "ServiceHandler\Eu.EDelivery.AS4.ServiceHandler\Eu.EDelivery.AS4.ServiceHandler.csproj", "{83D47064-14B4-4E42-8E10-ABE1EDA41920}"
EndProject
Project("{FAE04EC0-301F-11D3-BF4B-00C04F79EFBC}") = "Eu.EDelivery.AS4.ServiceHandler.ConsoleHost", "ServiceHandler\Eu.EDelivery.AS4.ServiceHandler.ConsoleHost\Eu.EDelivery.AS4.ServiceHandler.ConsoleHost.csproj", "{40E359EE-B4B8-4A4A-B8FE-DB2240DF097E}"
EndProject
Project("{FAE04EC0-301F-11D3-BF4B-00C04F79EFBC}") = "Eu.EDelivery.AS4.Steps", "Steps\Eu.EDelivery.AS4.Steps\Eu.EDelivery.AS4.Steps.csproj", "{9208D4FA-018E-4DB4-A60D-EE475F5EC421}"
EndProject
Project("{FAE04EC0-301F-11D3-BF4B-00C04F79EFBC}") = "Eu.EDelivery.AS4.Transformers", "Transformers\Eu.EDelivery.AS4.Transformers\Eu.EDelivery.AS4.Transformers.csproj", "{51C92C72-60F5-4DCE-B129-045640CA6D96}"
EndProject
Project("{2150E333-8FDC-42A3-9474-1A3956D46DE8}") = "Tests", "Tests", "{366569F7-B349-4BCE-9879-904A933BC73F}"
EndProject
Project("{FAE04EC0-301F-11D3-BF4B-00C04F79EFBC}") = "Eu.EDelivery.AS4.UnitTests", "AS4\Eu.EDelivery.AS4.UnitTests\Eu.EDelivery.AS4.UnitTests.csproj", "{8E13829C-19D7-498D-9383-EF52A92FC2C9}"
EndProject
Project("{FAE04EC0-301F-11D3-BF4B-00C04F79EFBC}") = "Eu.EDelivery.AS4.IntegrationTests", "ServiceHandler\Eu.EDelivery.AS4.IntegrationTests\Eu.EDelivery.AS4.IntegrationTests.csproj", "{F82AAC30-6DDC-442C-849D-5DDD0478893B}"
EndProject
Project("{FAE04EC0-301F-11D3-BF4B-00C04F79EFBC}") = "Eu.EDelivery.AS4.Fe.UnitTests", "Fe\Eu.EDelivery.AS4.Fe.UnitTests\Eu.EDelivery.AS4.Fe.UnitTests.csproj", "{BF046E70-9AB2-48C8-9E86-BE35429FADC0}"
EndProject
Project("{2150E333-8FDC-42A3-9474-1A3956D46DE8}") = "External", "External", "{9B817A6A-2DC2-4A74-B9AE-EA50D6E4A864}"
EndProject
Project("{9A19103F-16F7-4668-BE54-9A1E7A4F7556}") = "Eu.EDelivery.AS4.PayloadService", "PayloadService\Eu.EDelivery.AS4.PayloadService.csproj", "{A3BADCB2-1638-4C18-A1F8-0764C1FB0E30}"
EndProject
Project("{FAE04EC0-301F-11D3-BF4B-00C04F79EFBC}") = "Eu.EDelivery.AS4.PerformanceTests", "ServiceHandler\Eu.EDelivery.AS4.PerformanceTests\Eu.EDelivery.AS4.PerformanceTests.csproj", "{73016C9C-15FD-4051-A16F-7245A2267DEC}"
EndProject
Project("{FAE04EC0-301F-11D3-BF4B-00C04F79EFBC}") = "Eu.EDelivery.AS4.ComponentTests", "Eu.EDelivery.AS4.ComponentTests\Eu.EDelivery.AS4.ComponentTests.csproj", "{E1B9AACB-46F1-4999-8384-E6413D7189BE}"
EndProject
Project("{FAE04EC0-301F-11D3-BF4B-00C04F79EFBC}") = "Eu.EDelivery.AS4.Fe", "Fe\Eu.EDelivery.AS4.Fe\Eu.EDelivery.AS4.Fe.csproj", "{1BEB12CD-AF85-48AF-BF39-B33B6B1D309E}"
EndProject
Project("{FAE04EC0-301F-11D3-BF4B-00C04F79EFBC}") = "Eu.EDelivery.AS4.TestUtils", "Eu.EDelivery.AS4.TestUtils\Eu.EDelivery.AS4.TestUtils.csproj", "{243CFD29-BB90-4A9E-9DD8-3C0228C845ED}"
EndProject
Global
	GlobalSection(SolutionConfigurationPlatforms) = preSolution
		Debug|Any CPU = Debug|Any CPU
		Release|Any CPU = Release|Any CPU
	EndGlobalSection
	GlobalSection(ProjectConfigurationPlatforms) = postSolution
		{8B0BA38F-C3F7-46C1-9E68-A7291C7B16B1}.Debug|Any CPU.ActiveCfg = Debug|Any CPU
		{8B0BA38F-C3F7-46C1-9E68-A7291C7B16B1}.Debug|Any CPU.Build.0 = Debug|Any CPU
		{8B0BA38F-C3F7-46C1-9E68-A7291C7B16B1}.Release|Any CPU.ActiveCfg = Release|Any CPU
		{8B0BA38F-C3F7-46C1-9E68-A7291C7B16B1}.Release|Any CPU.Build.0 = Release|Any CPU
		{B0BE265A-8190-415C-8E46-2B85FE6BDBE7}.Debug|Any CPU.ActiveCfg = Debug|Any CPU
		{B0BE265A-8190-415C-8E46-2B85FE6BDBE7}.Debug|Any CPU.Build.0 = Debug|Any CPU
		{B0BE265A-8190-415C-8E46-2B85FE6BDBE7}.Release|Any CPU.ActiveCfg = Release|Any CPU
		{B0BE265A-8190-415C-8E46-2B85FE6BDBE7}.Release|Any CPU.Build.0 = Release|Any CPU
		{83D47064-14B4-4E42-8E10-ABE1EDA41920}.Debug|Any CPU.ActiveCfg = Debug|Any CPU
		{83D47064-14B4-4E42-8E10-ABE1EDA41920}.Debug|Any CPU.Build.0 = Debug|Any CPU
		{83D47064-14B4-4E42-8E10-ABE1EDA41920}.Release|Any CPU.ActiveCfg = Release|Any CPU
		{83D47064-14B4-4E42-8E10-ABE1EDA41920}.Release|Any CPU.Build.0 = Release|Any CPU
		{40E359EE-B4B8-4A4A-B8FE-DB2240DF097E}.Debug|Any CPU.ActiveCfg = Debug|Any CPU
		{40E359EE-B4B8-4A4A-B8FE-DB2240DF097E}.Debug|Any CPU.Build.0 = Debug|Any CPU
		{40E359EE-B4B8-4A4A-B8FE-DB2240DF097E}.Release|Any CPU.ActiveCfg = Release|Any CPU
		{40E359EE-B4B8-4A4A-B8FE-DB2240DF097E}.Release|Any CPU.Build.0 = Release|Any CPU
		{9208D4FA-018E-4DB4-A60D-EE475F5EC421}.Debug|Any CPU.ActiveCfg = Debug|Any CPU
		{9208D4FA-018E-4DB4-A60D-EE475F5EC421}.Debug|Any CPU.Build.0 = Debug|Any CPU
		{9208D4FA-018E-4DB4-A60D-EE475F5EC421}.Release|Any CPU.ActiveCfg = Release|Any CPU
		{9208D4FA-018E-4DB4-A60D-EE475F5EC421}.Release|Any CPU.Build.0 = Release|Any CPU
		{51C92C72-60F5-4DCE-B129-045640CA6D96}.Debug|Any CPU.ActiveCfg = Debug|Any CPU
		{51C92C72-60F5-4DCE-B129-045640CA6D96}.Debug|Any CPU.Build.0 = Debug|Any CPU
		{51C92C72-60F5-4DCE-B129-045640CA6D96}.Release|Any CPU.ActiveCfg = Release|Any CPU
		{51C92C72-60F5-4DCE-B129-045640CA6D96}.Release|Any CPU.Build.0 = Release|Any CPU
		{8E13829C-19D7-498D-9383-EF52A92FC2C9}.Debug|Any CPU.ActiveCfg = Debug|Any CPU
		{8E13829C-19D7-498D-9383-EF52A92FC2C9}.Debug|Any CPU.Build.0 = Debug|Any CPU
		{8E13829C-19D7-498D-9383-EF52A92FC2C9}.Release|Any CPU.ActiveCfg = Release|Any CPU
		{8E13829C-19D7-498D-9383-EF52A92FC2C9}.Release|Any CPU.Build.0 = Release|Any CPU
		{F82AAC30-6DDC-442C-849D-5DDD0478893B}.Debug|Any CPU.ActiveCfg = Debug|Any CPU
		{F82AAC30-6DDC-442C-849D-5DDD0478893B}.Debug|Any CPU.Build.0 = Debug|Any CPU
		{F82AAC30-6DDC-442C-849D-5DDD0478893B}.Release|Any CPU.ActiveCfg = Release|Any CPU
		{F82AAC30-6DDC-442C-849D-5DDD0478893B}.Release|Any CPU.Build.0 = Release|Any CPU
		{BF046E70-9AB2-48C8-9E86-BE35429FADC0}.Debug|Any CPU.ActiveCfg = Debug|Any CPU
		{BF046E70-9AB2-48C8-9E86-BE35429FADC0}.Debug|Any CPU.Build.0 = Debug|Any CPU
		{BF046E70-9AB2-48C8-9E86-BE35429FADC0}.Release|Any CPU.ActiveCfg = Release|Any CPU
		{BF046E70-9AB2-48C8-9E86-BE35429FADC0}.Release|Any CPU.Build.0 = Release|Any CPU
		{A3BADCB2-1638-4C18-A1F8-0764C1FB0E30}.Debug|Any CPU.ActiveCfg = Debug|Any CPU
		{A3BADCB2-1638-4C18-A1F8-0764C1FB0E30}.Debug|Any CPU.Build.0 = Debug|Any CPU
		{A3BADCB2-1638-4C18-A1F8-0764C1FB0E30}.Release|Any CPU.ActiveCfg = Release|Any CPU
		{A3BADCB2-1638-4C18-A1F8-0764C1FB0E30}.Release|Any CPU.Build.0 = Release|Any CPU
		{73016C9C-15FD-4051-A16F-7245A2267DEC}.Debug|Any CPU.ActiveCfg = Debug|Any CPU
		{73016C9C-15FD-4051-A16F-7245A2267DEC}.Debug|Any CPU.Build.0 = Debug|Any CPU
		{73016C9C-15FD-4051-A16F-7245A2267DEC}.Release|Any CPU.ActiveCfg = Release|Any CPU
		{73016C9C-15FD-4051-A16F-7245A2267DEC}.Release|Any CPU.Build.0 = Release|Any CPU
		{E1B9AACB-46F1-4999-8384-E6413D7189BE}.Debug|Any CPU.ActiveCfg = Debug|Any CPU
		{E1B9AACB-46F1-4999-8384-E6413D7189BE}.Debug|Any CPU.Build.0 = Debug|Any CPU
		{E1B9AACB-46F1-4999-8384-E6413D7189BE}.Release|Any CPU.ActiveCfg = Release|Any CPU
		{E1B9AACB-46F1-4999-8384-E6413D7189BE}.Release|Any CPU.Build.0 = Release|Any CPU
		{1BEB12CD-AF85-48AF-BF39-B33B6B1D309E}.Debug|Any CPU.ActiveCfg = Debug|Any CPU
		{1BEB12CD-AF85-48AF-BF39-B33B6B1D309E}.Debug|Any CPU.Build.0 = Debug|Any CPU
		{1BEB12CD-AF85-48AF-BF39-B33B6B1D309E}.Release|Any CPU.ActiveCfg = Release|Any CPU
		{1BEB12CD-AF85-48AF-BF39-B33B6B1D309E}.Release|Any CPU.Build.0 = Release|Any CPU
		{243CFD29-BB90-4A9E-9DD8-3C0228C845ED}.Debug|Any CPU.ActiveCfg = Debug|Any CPU
		{243CFD29-BB90-4A9E-9DD8-3C0228C845ED}.Debug|Any CPU.Build.0 = Debug|Any CPU
		{243CFD29-BB90-4A9E-9DD8-3C0228C845ED}.Release|Any CPU.ActiveCfg = Release|Any CPU
		{243CFD29-BB90-4A9E-9DD8-3C0228C845ED}.Release|Any CPU.Build.0 = Release|Any CPU
	EndGlobalSection
	GlobalSection(SolutionProperties) = preSolution
		HideSolutionNode = FALSE
	EndGlobalSection
	GlobalSection(NestedProjects) = preSolution
		{8E13829C-19D7-498D-9383-EF52A92FC2C9} = {366569F7-B349-4BCE-9879-904A933BC73F}
		{F82AAC30-6DDC-442C-849D-5DDD0478893B} = {366569F7-B349-4BCE-9879-904A933BC73F}
		{BF046E70-9AB2-48C8-9E86-BE35429FADC0} = {366569F7-B349-4BCE-9879-904A933BC73F}
		{A3BADCB2-1638-4C18-A1F8-0764C1FB0E30} = {9B817A6A-2DC2-4A74-B9AE-EA50D6E4A864}
		{73016C9C-15FD-4051-A16F-7245A2267DEC} = {366569F7-B349-4BCE-9879-904A933BC73F}
		{E1B9AACB-46F1-4999-8384-E6413D7189BE} = {366569F7-B349-4BCE-9879-904A933BC73F}
		{243CFD29-BB90-4A9E-9DD8-3C0228C845ED} = {366569F7-B349-4BCE-9879-904A933BC73F}
	EndGlobalSection
	GlobalSection(ExtensibilityGlobals) = postSolution
		SolutionGuid = {FF0C851A-1A25-47A3-9206-43513B7E2071}
	EndGlobalSection
EndGlobal
